{
    "_meta": {
        "hash": {
            "sha256": "577fe6869b9722ae99b9aa232cca4b3ead18c422a88c81b665e3b051783c6135"
        },
        "host-environment-markers": {
            "implementation_name": "cpython",
            "implementation_version": "0",
            "os_name": "posix",
            "platform_machine": "x86_64",
            "platform_python_implementation": "CPython",
            "platform_release": "17.5.0",
            "platform_system": "Darwin",
            "platform_version": "Darwin Kernel Version 17.5.0: Fri Apr 13 19:32:32 PDT 2018; root:xnu-4570.51.2~1/RELEASE_X86_64",
            "python_full_version": "2.7.10",
            "python_version": "2.7",
            "sys_platform": "darwin"
        },
        "pipfile-spec": 6,
        "requires": {},
        "sources": [
            {
                "name": "pypi",
                "url": "https://pypi.python.org/simple",
                "verify_ssl": true
            }
        ]
    },
    "default": {
        "youtube-dl": {
            "hashes": [
                "sha256:17e8bddbbab468eb4854ad5081d893ce8f9921a59057664cc572c0ca86c03e7e",
                "sha256:848409299191718ddcfc2d4abeeae6b95ed9b30a718b3e1c859343389c78fdff"
            ],
            "version": "==2018.6.19"
        }
    },
    "develop": {}
}
